
Microsoft Visual Studio Solution File, Format Version 12.00
# Visual Studio Version 17
VisualStudioVersion = 17.5.33424.131
MinimumVisualStudioVersion = 10.0.40219.1
Project("{9A19103F-16F7-4668-BE54-9A1E7A4F7556}") = "BlazorWasm.MiniPOS", "BlazorWasm.MiniPOS\BlazorWasm.MiniPOS.csproj", "{89B2C807-D899-4B2F-B0A7-8F325F35840F}"
EndProject
Project("{2150E333-8FDC-42A3-9474-1A3956D46DE8}") = "Documents", "Documents", "{21CD9781-2EAE-482D-BF34-95860162D9F2}"
	ProjectSection(SolutionItems) = preProject
		README.MD = README.MD
	EndProjectSection
EndProject
Global
	GlobalSection(SolutionConfigurationPlatforms) = preSolution
		Debug|Any CPU = Debug|Any CPU
		Release|Any CPU = Release|Any CPU
	EndGlobalSection
	GlobalSection(ProjectConfigurationPlatforms) = postSolution
		{89B2C807-D899-4B2F-B0A7-8F325F35840F}.Debug|Any CPU.ActiveCfg = Debug|Any CPU
		{89B2C807-D899-4B2F-B0A7-8F325F35840F}.Debug|Any CPU.Build.0 = Debug|Any CPU
		{89B2C807-D899-4B2F-B0A7-8F325F35840F}.Release|Any CPU.ActiveCfg = Release|Any CPU
		{89B2C807-D899-4B2F-B0A7-8F325F35840F}.Release|Any CPU.Build.0 = Release|Any CPU
	EndGlobalSection
	GlobalSection(SolutionProperties) = preSolution
		HideSolutionNode = FALSE
	EndGlobalSection
	GlobalSection(ExtensibilityGlobals) = postSolution
		SolutionGuid = {E7543510-A42B-48BE-9E28-3E67205B3834}
	EndGlobalSection
EndGlobal
